
Microsoft Visual Studio Solution File, Format Version 11.00
# Visual Studio 2010
Project("{FAE04EC0-301F-11D3-BF4B-00C04F79EFBC}") = "Unity.RenderPipelines.Core.Runtime", "Unity.RenderPipelines.Core.Runtime.csproj", "{cde3f2c2-0ffa-85c3-f174-b858565d0d7b}"
EndProject
Project("{FAE04EC0-301F-11D3-BF4B-00C04F79EFBC}") = "Unity.RenderPipelines.Universal.Runtime", "Unity.RenderPipelines.Universal.Runtime.csproj", "{1acbb87e-4caa-5726-a3f1-cc646beaff71}"
EndProject
Project("{FAE04EC0-301F-11D3-BF4B-00C04F79EFBC}") = "Unity.RenderPipelines.Universal.Runtime.Tests", "Unity.RenderPipelines.Universal.Runtime.Tests.csproj", "{e3393097-0f8c-1faa-b7c7-4fad1d70fb9a}"
EndProject
Project("{FAE04EC0-301F-11D3-BF4B-00C04F79EFBC}") = "Unity.RenderPipelines.Core.Runtime.Tests", "Unity.RenderPipelines.Core.Runtime.Tests.csproj", "{29c62401-6079-09d9-f404-e55f9df6eb04}"
EndProject
Project("{FAE04EC0-301F-11D3-BF4B-00C04F79EFBC}") = "Unity.RenderPipelines.Core.ShaderLibrary", "Unity.RenderPipelines.Core.ShaderLibrary.csproj", "{b79d661f-ab6e-cd71-42d9-4e770c079eae}"
EndProject
Project("{FAE04EC0-301F-11D3-BF4B-00C04F79EFBC}") = "Unity.RenderPipelines.Universal.Shaders", "Unity.RenderPipelines.Universal.Shaders.csproj", "{464f4985-01e5-2565-2e9b-1e509a1bbbce}"
EndProject
Project("{FAE04EC0-301F-11D3-BF4B-00C04F79EFBC}") = "Assembly-CSharp", "Assembly-CSharp.csproj", "{5197c7e4-76cb-bf01-06ed-854733e33a7a}"
EndProject
Project("{FAE04EC0-301F-11D3-BF4B-00C04F79EFBC}") = "Unity.RenderPipeline.Universal.ShaderLibrary", "Unity.RenderPipeline.Universal.ShaderLibrary.csproj", "{f7aced22-f7a2-bd48-a138-b87b93673888}"
EndProject
Project("{FAE04EC0-301F-11D3-BF4B-00C04F79EFBC}") = "Unity.RenderPipelines.Core.Editor", "Unity.RenderPipelines.Core.Editor.csproj", "{171f20bd-976f-52ee-4bfa-49e5d87a06f8}"
EndProject
Project("{FAE04EC0-301F-11D3-BF4B-00C04F79EFBC}") = "Unity.RenderPipelines.Universal.Editor", "Unity.RenderPipelines.Universal.Editor.csproj", "{ccc13813-02c5-6077-e47c-d5513da4e95d}"
EndProject
Project("{FAE04EC0-301F-11D3-BF4B-00C04F79EFBC}") = "Unity.RenderPipelines.Core.Editor.Tests", "Unity.RenderPipelines.Core.Editor.Tests.csproj", "{53749da4-d5f2-59a4-b849-67afdc34df8a}"
EndProject
Project("{FAE04EC0-301F-11D3-BF4B-00C04F79EFBC}") = "Unity.RenderPipelines.Universal.Editor.Tests", "Unity.RenderPipelines.Universal.Editor.Tests.csproj", "{b70622a8-6027-24e6-0eb1-134a4e98103e}"
EndProject
Project("{FAE04EC0-301F-11D3-BF4B-00C04F79EFBC}") = "Assembly-CSharp-Editor", "Assembly-CSharp-Editor.csproj", "{88ad3fa8-b4a1-8435-2be6-3e98e27aa110}"
EndProject
Global
	GlobalSection(SolutionConfigurationPlatforms) = preSolution
		Debug|Any CPU = Debug|Any CPU
		Release|Any CPU = Release|Any CPU
	EndGlobalSection
	GlobalSection(ProjectConfigurationPlatforms) = postSolution
		{cde3f2c2-0ffa-85c3-f174-b858565d0d7b}.Debug|Any CPU.ActiveCfg = Debug|Any CPU
		{cde3f2c2-0ffa-85c3-f174-b858565d0d7b}.Debug|Any CPU.Build.0 = Debug|Any CPU
		{cde3f2c2-0ffa-85c3-f174-b858565d0d7b}.Release|Any CPU.ActiveCfg = Release|Any CPU
		{cde3f2c2-0ffa-85c3-f174-b858565d0d7b}.Release|Any CPU.Build.0 = Release|Any CPU
		{1acbb87e-4caa-5726-a3f1-cc646beaff71}.Debug|Any CPU.ActiveCfg = Debug|Any CPU
		{1acbb87e-4caa-5726-a3f1-cc646beaff71}.Debug|Any CPU.Build.0 = Debug|Any CPU
		{1acbb87e-4caa-5726-a3f1-cc646beaff71}.Release|Any CPU.ActiveCfg = Release|Any CPU
		{1acbb87e-4caa-5726-a3f1-cc646beaff71}.Release|Any CPU.Build.0 = Release|Any CPU
		{e3393097-0f8c-1faa-b7c7-4fad1d70fb9a}.Debug|Any CPU.ActiveCfg = Debug|Any CPU
		{e3393097-0f8c-1faa-b7c7-4fad1d70fb9a}.Debug|Any CPU.Build.0 = Debug|Any CPU
		{e3393097-0f8c-1faa-b7c7-4fad1d70fb9a}.Release|Any CPU.ActiveCfg = Release|Any CPU
		{e3393097-0f8c-1faa-b7c7-4fad1d70fb9a}.Release|Any CPU.Build.0 = Release|Any CPU
		{29c62401-6079-09d9-f404-e55f9df6eb04}.Debug|Any CPU.ActiveCfg = Debug|Any CPU
		{29c62401-6079-09d9-f404-e55f9df6eb04}.Debug|Any CPU.Build.0 = Debug|Any CPU
		{29c62401-6079-09d9-f404-e55f9df6eb04}.Release|Any CPU.ActiveCfg = Release|Any CPU
		{29c62401-6079-09d9-f404-e55f9df6eb04}.Release|Any CPU.Build.0 = Release|Any CPU
		{b79d661f-ab6e-cd71-42d9-4e770c079eae}.Debug|Any CPU.ActiveCfg = Debug|Any CPU
		{b79d661f-ab6e-cd71-42d9-4e770c079eae}.Debug|Any CPU.Build.0 = Debug|Any CPU
		{b79d661f-ab6e-cd71-42d9-4e770c079eae}.Release|Any CPU.ActiveCfg = Release|Any CPU
		{b79d661f-ab6e-cd71-42d9-4e770c079eae}.Release|Any CPU.Build.0 = Release|Any CPU
		{464f4985-01e5-2565-2e9b-1e509a1bbbce}.Debug|Any CPU.ActiveCfg = Debug|Any CPU
		{464f4985-01e5-2565-2e9b-1e509a1bbbce}.Debug|Any CPU.Build.0 = Debug|Any CPU
		{464f4985-01e5-2565-2e9b-1e509a1bbbce}.Release|Any CPU.ActiveCfg = Release|Any CPU
		{464f4985-01e5-2565-2e9b-1e509a1bbbce}.Release|Any CPU.Build.0 = Release|Any CPU
		{5197c7e4-76cb-bf01-06ed-854733e33a7a}.Debug|Any CPU.ActiveCfg = Debug|Any CPU
		{5197c7e4-76cb-bf01-06ed-854733e33a7a}.Debug|Any CPU.Build.0 = Debug|Any CPU
		{5197c7e4-76cb-bf01-06ed-854733e33a7a}.Release|Any CPU.ActiveCfg = Release|Any CPU
		{5197c7e4-76cb-bf01-06ed-854733e33a7a}.Release|Any CPU.Build.0 = Release|Any CPU
		{f7aced22-f7a2-bd48-a138-b87b93673888}.Debug|Any CPU.ActiveCfg = Debug|Any CPU
		{f7aced22-f7a2-bd48-a138-b87b93673888}.Debug|Any CPU.Build.0 = Debug|Any CPU
		{f7aced22-f7a2-bd48-a138-b87b93673888}.Release|Any CPU.ActiveCfg = Release|Any CPU
		{f7aced22-f7a2-bd48-a138-b87b93673888}.Release|Any CPU.Build.0 = Release|Any CPU
		{171f20bd-976f-52ee-4bfa-49e5d87a06f8}.Debug|Any CPU.ActiveCfg = Debug|Any CPU
		{171f20bd-976f-52ee-4bfa-49e5d87a06f8}.Debug|Any CPU.Build.0 = Debug|Any CPU
		{171f20bd-976f-52ee-4bfa-49e5d87a06f8}.Release|Any CPU.ActiveCfg = Release|Any CPU
		{171f20bd-976f-52ee-4bfa-49e5d87a06f8}.Release|Any CPU.Build.0 = Release|Any CPU
		{ccc13813-02c5-6077-e47c-d5513da4e95d}.Debug|Any CPU.ActiveCfg = Debug|Any CPU
		{ccc13813-02c5-6077-e47c-d5513da4e95d}.Debug|Any CPU.Build.0 = Debug|Any CPU
		{ccc13813-02c5-6077-e47c-d5513da4e95d}.Release|Any CPU.ActiveCfg = Release|Any CPU
		{ccc13813-02c5-6077-e47c-d5513da4e95d}.Release|Any CPU.Build.0 = Release|Any CPU
		{53749da4-d5f2-59a4-b849-67afdc34df8a}.Debug|Any CPU.ActiveCfg = Debug|Any CPU
		{53749da4-d5f2-59a4-b849-67afdc34df8a}.Debug|Any CPU.Build.0 = Debug|Any CPU
		{53749da4-d5f2-59a4-b849-67afdc34df8a}.Release|Any CPU.ActiveCfg = Release|Any CPU
		{53749da4-d5f2-59a4-b849-67afdc34df8a}.Release|Any CPU.Build.0 = Release|Any CPU
		{b70622a8-6027-24e6-0eb1-134a4e98103e}.Debug|Any CPU.ActiveCfg = Debug|Any CPU
		{b70622a8-6027-24e6-0eb1-134a4e98103e}.Debug|Any CPU.Build.0 = Debug|Any CPU
		{b70622a8-6027-24e6-0eb1-134a4e98103e}.Release|Any CPU.ActiveCfg = Release|Any CPU
		{b70622a8-6027-24e6-0eb1-134a4e98103e}.Release|Any CPU.Build.0 = Release|Any CPU
		{88ad3fa8-b4a1-8435-2be6-3e98e27aa110}.Debug|Any CPU.ActiveCfg = Debug|Any CPU
		{88ad3fa8-b4a1-8435-2be6-3e98e27aa110}.Debug|Any CPU.Build.0 = Debug|Any CPU
		{88ad3fa8-b4a1-8435-2be6-3e98e27aa110}.Release|Any CPU.ActiveCfg = Release|Any CPU
		{88ad3fa8-b4a1-8435-2be6-3e98e27aa110}.Release|Any CPU.Build.0 = Release|Any CPU
	EndGlobalSection
	GlobalSection(SolutionProperties) = preSolution
		HideSolutionNode = FALSE
	EndGlobalSection
EndGlobal
