
Microsoft Visual Studio Solution File, Format Version 12.00
# Visual Studio 15
Project("{FAE04EC0-301F-11D3-BF4B-00C04F79EFBC}") = "Unity.RenderPipelines.Core.Runtime", "Unity.RenderPipelines.Core.Runtime.csproj", "{EF3F171D-3765-1112-1E88-ACEF9AF1AF68}"
EndProject
Project("{FAE04EC0-301F-11D3-BF4B-00C04F79EFBC}") = "Unity.RenderPipelines.Universal.Runtime", "Unity.RenderPipelines.Universal.Runtime.csproj", "{5ACE3C62-8EE0-E24A-5C83-D9A1FD1FB9FD}"
EndProject
Project("{FAE04EC0-301F-11D3-BF4B-00C04F79EFBC}") = "Unity.RenderPipelines.Universal.Runtime.Tests", "Unity.RenderPipelines.Universal.Runtime.Tests.csproj", "{4736D44A-5C56-FB0E-7CFE-3B5238605E2B}"
EndProject
Project("{FAE04EC0-301F-11D3-BF4B-00C04F79EFBC}") = "Unity.RenderPipelines.Core.Runtime.Tests", "Unity.RenderPipelines.Core.Runtime.Tests.csproj", "{C97005D2-969D-96D4-4CC9-98EFEA5F7936}"
EndProject
Project("{FAE04EC0-301F-11D3-BF4B-00C04F79EFBC}") = "Assembly-CSharp", "Assembly-CSharp.csproj", "{45660210-1147-B32A-47F3-AC918A9027BB}"
EndProject
Project("{FAE04EC0-301F-11D3-BF4B-00C04F79EFBC}") = "Unity.RenderPipelines.Core.ShaderLibrary", "Unity.RenderPipelines.Core.ShaderLibrary.csproj", "{85A90C33-BDDA-BA21-6A19-B287FA01CEBE}"
EndProject
Project("{FAE04EC0-301F-11D3-BF4B-00C04F79EFBC}") = "Unity.RenderPipelines.Universal.Shaders", "Unity.RenderPipelines.Universal.Shaders.csproj", "{FDD2C4EB-5E0D-D5D0-D54A-2E15AEA450D3}"
EndProject
Project("{FAE04EC0-301F-11D3-BF4B-00C04F79EFBC}") = "Unity.RenderPipeline.Universal.ShaderLibrary", "Unity.RenderPipeline.Universal.ShaderLibrary.csproj", "{BBCE5589-77F1-CE5D-74AA-7B64EE401123}"
EndProject
Project("{FAE04EC0-301F-11D3-BF4B-00C04F79EFBC}") = "Unity.RenderPipelines.Core.Editor", "Unity.RenderPipelines.Core.Editor.csproj", "{2B065D7F-C7DF-F099-A262-91AF50EF389F}"
EndProject
Project("{FAE04EC0-301F-11D3-BF4B-00C04F79EFBC}") = "Unity.RenderPipelines.Universal.Editor", "Unity.RenderPipelines.Universal.Editor.csproj", "{0D0F4FAF-BF48-E576-7679-35028DD8B72A}"
EndProject
Project("{FAE04EC0-301F-11D3-BF4B-00C04F79EFBC}") = "Unity.RenderPipelines.Core.Editor.Tests", "Unity.RenderPipelines.Core.Editor.Tests.csproj", "{406EB2D7-538C-16CF-1F50-711510B961B7}"
EndProject
Project("{FAE04EC0-301F-11D3-BF4B-00C04F79EFBC}") = "Unity.RenderPipelines.Universal.Editor.Tests", "Unity.RenderPipelines.Universal.Editor.Tests.csproj", "{5786D7DD-B4E3-6D3B-0603-E931DB362A68}"
EndProject
Project("{FAE04EC0-301F-11D3-BF4B-00C04F79EFBC}") = "Assembly-CSharp-Editor", "Assembly-CSharp-Editor.csproj", "{B3ACB110-D3D7-EC39-EE40-CEB3BE722574}"
EndProject
Global
	GlobalSection(SolutionConfigurationPlatforms) = preSolution
		Debug|Any CPU = Debug|Any CPU
		Release|Any CPU = Release|Any CPU
	EndGlobalSection
	GlobalSection(ProjectConfigurationPlatforms) = postSolution
		{EF3F171D-3765-1112-1E88-ACEF9AF1AF68}.Debug|Any CPU.ActiveCfg = Debug|Any CPU
		{EF3F171D-3765-1112-1E88-ACEF9AF1AF68}.Debug|Any CPU.Build.0 = Debug|Any CPU
		{EF3F171D-3765-1112-1E88-ACEF9AF1AF68}.Release|Any CPU.ActiveCfg = Release|Any CPU
		{EF3F171D-3765-1112-1E88-ACEF9AF1AF68}.Release|Any CPU.Build.0 = Release|Any CPU
		{5ACE3C62-8EE0-E24A-5C83-D9A1FD1FB9FD}.Debug|Any CPU.ActiveCfg = Debug|Any CPU
		{5ACE3C62-8EE0-E24A-5C83-D9A1FD1FB9FD}.Debug|Any CPU.Build.0 = Debug|Any CPU
		{5ACE3C62-8EE0-E24A-5C83-D9A1FD1FB9FD}.Release|Any CPU.ActiveCfg = Release|Any CPU
		{5ACE3C62-8EE0-E24A-5C83-D9A1FD1FB9FD}.Release|Any CPU.Build.0 = Release|Any CPU
		{4736D44A-5C56-FB0E-7CFE-3B5238605E2B}.Debug|Any CPU.ActiveCfg = Debug|Any CPU
		{4736D44A-5C56-FB0E-7CFE-3B5238605E2B}.Debug|Any CPU.Build.0 = Debug|Any CPU
		{4736D44A-5C56-FB0E-7CFE-3B5238605E2B}.Release|Any CPU.ActiveCfg = Release|Any CPU
		{4736D44A-5C56-FB0E-7CFE-3B5238605E2B}.Release|Any CPU.Build.0 = Release|Any CPU
		{C97005D2-969D-96D4-4CC9-98EFEA5F7936}.Debug|Any CPU.ActiveCfg = Debug|Any CPU
		{C97005D2-969D-96D4-4CC9-98EFEA5F7936}.Debug|Any CPU.Build.0 = Debug|Any CPU
		{C97005D2-969D-96D4-4CC9-98EFEA5F7936}.Release|Any CPU.ActiveCfg = Release|Any CPU
		{C97005D2-969D-96D4-4CC9-98EFEA5F7936}.Release|Any CPU.Build.0 = Release|Any CPU
		{45660210-1147-B32A-47F3-AC918A9027BB}.Debug|Any CPU.ActiveCfg = Debug|Any CPU
		{45660210-1147-B32A-47F3-AC918A9027BB}.Debug|Any CPU.Build.0 = Debug|Any CPU
		{45660210-1147-B32A-47F3-AC918A9027BB}.Release|Any CPU.ActiveCfg = Release|Any CPU
		{45660210-1147-B32A-47F3-AC918A9027BB}.Release|Any CPU.Build.0 = Release|Any CPU
		{85A90C33-BDDA-BA21-6A19-B287FA01CEBE}.Debug|Any CPU.ActiveCfg = Debug|Any CPU
		{85A90C33-BDDA-BA21-6A19-B287FA01CEBE}.Debug|Any CPU.Build.0 = Debug|Any CPU
		{85A90C33-BDDA-BA21-6A19-B287FA01CEBE}.Release|Any CPU.ActiveCfg = Release|Any CPU
		{85A90C33-BDDA-BA21-6A19-B287FA01CEBE}.Release|Any CPU.Build.0 = Release|Any CPU
		{FDD2C4EB-5E0D-D5D0-D54A-2E15AEA450D3}.Debug|Any CPU.ActiveCfg = Debug|Any CPU
		{FDD2C4EB-5E0D-D5D0-D54A-2E15AEA450D3}.Debug|Any CPU.Build.0 = Debug|Any CPU
		{FDD2C4EB-5E0D-D5D0-D54A-2E15AEA450D3}.Release|Any CPU.ActiveCfg = Release|Any CPU
		{FDD2C4EB-5E0D-D5D0-D54A-2E15AEA450D3}.Release|Any CPU.Build.0 = Release|Any CPU
		{BBCE5589-77F1-CE5D-74AA-7B64EE401123}.Debug|Any CPU.ActiveCfg = Debug|Any CPU
		{BBCE5589-77F1-CE5D-74AA-7B64EE401123}.Debug|Any CPU.Build.0 = Debug|Any CPU
		{BBCE5589-77F1-CE5D-74AA-7B64EE401123}.Release|Any CPU.ActiveCfg = Release|Any CPU
		{BBCE5589-77F1-CE5D-74AA-7B64EE401123}.Release|Any CPU.Build.0 = Release|Any CPU
		{2B065D7F-C7DF-F099-A262-91AF50EF389F}.Debug|Any CPU.ActiveCfg = Debug|Any CPU
		{2B065D7F-C7DF-F099-A262-91AF50EF389F}.Debug|Any CPU.Build.0 = Debug|Any CPU
		{2B065D7F-C7DF-F099-A262-91AF50EF389F}.Release|Any CPU.ActiveCfg = Release|Any CPU
		{2B065D7F-C7DF-F099-A262-91AF50EF389F}.Release|Any CPU.Build.0 = Release|Any CPU
		{0D0F4FAF-BF48-E576-7679-35028DD8B72A}.Debug|Any CPU.ActiveCfg = Debug|Any CPU
		{0D0F4FAF-BF48-E576-7679-35028DD8B72A}.Debug|Any CPU.Build.0 = Debug|Any CPU
		{0D0F4FAF-BF48-E576-7679-35028DD8B72A}.Release|Any CPU.ActiveCfg = Release|Any CPU
		{0D0F4FAF-BF48-E576-7679-35028DD8B72A}.Release|Any CPU.Build.0 = Release|Any CPU
		{406EB2D7-538C-16CF-1F50-711510B961B7}.Debug|Any CPU.ActiveCfg = Debug|Any CPU
		{406EB2D7-538C-16CF-1F50-711510B961B7}.Debug|Any CPU.Build.0 = Debug|Any CPU
		{406EB2D7-538C-16CF-1F50-711510B961B7}.Release|Any CPU.ActiveCfg = Release|Any CPU
		{406EB2D7-538C-16CF-1F50-711510B961B7}.Release|Any CPU.Build.0 = Release|Any CPU
		{5786D7DD-B4E3-6D3B-0603-E931DB362A68}.Debug|Any CPU.ActiveCfg = Debug|Any CPU
		{5786D7DD-B4E3-6D3B-0603-E931DB362A68}.Debug|Any CPU.Build.0 = Debug|Any CPU
		{5786D7DD-B4E3-6D3B-0603-E931DB362A68}.Release|Any CPU.ActiveCfg = Release|Any CPU
		{5786D7DD-B4E3-6D3B-0603-E931DB362A68}.Release|Any CPU.Build.0 = Release|Any CPU
		{B3ACB110-D3D7-EC39-EE40-CEB3BE722574}.Debug|Any CPU.ActiveCfg = Debug|Any CPU
		{B3ACB110-D3D7-EC39-EE40-CEB3BE722574}.Debug|Any CPU.Build.0 = Debug|Any CPU
		{B3ACB110-D3D7-EC39-EE40-CEB3BE722574}.Release|Any CPU.ActiveCfg = Release|Any CPU
		{B3ACB110-D3D7-EC39-EE40-CEB3BE722574}.Release|Any CPU.Build.0 = Release|Any CPU
	EndGlobalSection
	GlobalSection(SolutionProperties) = preSolution
		HideSolutionNode = FALSE
	EndGlobalSection
EndGlobal
